
Microsoft Visual Studio Solution File, Format Version 12.00
# Visual Studio Version 17
VisualStudioVersion = 17.11.35312.102
MinimumVisualStudioVersion = 10.0.40219.1
Project("{9A19103F-16F7-4668-BE54-9A1E7A4F7556}") = "EasyConvert", "EasyConvert.csproj", "{97C2361B-B3D7-440F-AE1F-DC1E7E25FBCA}"
EndProject
Global
	GlobalSection(SolutionConfigurationPlatforms) = preSolution
		Debug|Any CPU = Debug|Any CPU
		Release|Any CPU = Release|Any CPU
	EndGlobalSection
	GlobalSection(ProjectConfigurationPlatforms) = postSolution
		{97C2361B-B3D7-440F-AE1F-DC1E7E25FBCA}.Debug|Any CPU.ActiveCfg = Debug|Any CPU
		{97C2361B-B3D7-440F-AE1F-DC1E7E25FBCA}.Debug|Any CPU.Build.0 = Debug|Any CPU
		{97C2361B-B3D7-440F-AE1F-DC1E7E25FBCA}.Release|Any CPU.ActiveCfg = Release|Any CPU
		{97C2361B-B3D7-440F-AE1F-DC1E7E25FBCA}.Release|Any CPU.Build.0 = Release|Any CPU
	EndGlobalSection
	GlobalSection(SolutionProperties) = preSolution
		HideSolutionNode = FALSE
	EndGlobalSection
	GlobalSection(ExtensibilityGlobals) = postSolution
		SolutionGuid = {87C1ACC6-FFE5-4605-A0ED-9285331502EF}
	EndGlobalSection
EndGlobal
