
Microsoft Visual Studio Solution File, Format Version 12.00
# Visual Studio Version 17
VisualStudioVersion = 17.5.002.0
MinimumVisualStudioVersion = 10.0.40219.1
Project("{9A19103F-16F7-4668-BE54-9A1E7A4F7556}") = "FileConsolidator", "FileConsolidator.csproj", "{E736AD5D-F430-4473-B020-961C3703D942}"
EndProject
Global
	GlobalSection(SolutionConfigurationPlatforms) = preSolution
		Debug|Any CPU = Debug|Any CPU
		Release|Any CPU = Release|Any CPU
	EndGlobalSection
	GlobalSection(ProjectConfigurationPlatforms) = postSolution
		{E736AD5D-F430-4473-B020-961C3703D942}.Debug|Any CPU.ActiveCfg = Debug|Any CPU
		{E736AD5D-F430-4473-B020-961C3703D942}.Debug|Any CPU.Build.0 = Debug|Any CPU
		{E736AD5D-F430-4473-B020-961C3703D942}.Release|Any CPU.ActiveCfg = Release|Any CPU
		{E736AD5D-F430-4473-B020-961C3703D942}.Release|Any CPU.Build.0 = Release|Any CPU
	EndGlobalSection
	GlobalSection(SolutionProperties) = preSolution
		HideSolutionNode = FALSE
	EndGlobalSection
	GlobalSection(ExtensibilityGlobals) = postSolution
		SolutionGuid = {A301C092-DB98-47B5-A724-9518339C5FD3}
	EndGlobalSection
EndGlobal
